
Microsoft Visual Studio Solution File, Format Version 12.00
# Visual Studio 14
VisualStudioVersion = 14.0.25420.1
MinimumVisualStudioVersion = 10.0.40219.1
Project("{FAE04EC0-301F-11D3-BF4B-00C04F79EFBC}") = "Astro.Features", "Astro.Features\Astro.Features.csproj", "{A9DFABAD-3202-4189-96C9-00824DA1E034}"
EndProject
Project("{FAE04EC0-301F-11D3-BF4B-00C04F79EFBC}") = "Astro.Networking", "Astro.Networking\Astro.Networking.csproj", "{3EE7DF6F-4E1B-49D9-B4D7-3D713866B03C}"
EndProject
Global
	GlobalSection(SolutionConfigurationPlatforms) = preSolution
		Debug|Any CPU = Debug|Any CPU
		Release|Any CPU = Release|Any CPU
	EndGlobalSection
	GlobalSection(ProjectConfigurationPlatforms) = postSolution
		{A9DFABAD-3202-4189-96C9-00824DA1E034}.Debug|Any CPU.ActiveCfg = Debug|Any CPU
		{A9DFABAD-3202-4189-96C9-00824DA1E034}.Debug|Any CPU.Build.0 = Debug|Any CPU
		{A9DFABAD-3202-4189-96C9-00824DA1E034}.Release|Any CPU.ActiveCfg = Release|Any CPU
		{A9DFABAD-3202-4189-96C9-00824DA1E034}.Release|Any CPU.Build.0 = Release|Any CPU
		{3EE7DF6F-4E1B-49D9-B4D7-3D713866B03C}.Debug|Any CPU.ActiveCfg = Debug|Any CPU
		{3EE7DF6F-4E1B-49D9-B4D7-3D713866B03C}.Debug|Any CPU.Build.0 = Debug|Any CPU
		{3EE7DF6F-4E1B-49D9-B4D7-3D713866B03C}.Release|Any CPU.ActiveCfg = Release|Any CPU
		{3EE7DF6F-4E1B-49D9-B4D7-3D713866B03C}.Release|Any CPU.Build.0 = Release|Any CPU
	EndGlobalSection
	GlobalSection(SolutionProperties) = preSolution
		HideSolutionNode = FALSE
	EndGlobalSection
EndGlobal
